
Microsoft Visual Studio Solution File, Format Version 12.00
# Visual Studio Version 17
VisualStudioVersion = 17.4.33122.133
MinimumVisualStudioVersion = 10.0.40219.1
Project("{FAE04EC0-301F-11D3-BF4B-00C04F79EFBC}") = "Murad.CQRS.WebApi", "Murad.CQRS.WebApi\Murad.CQRS.WebApi.csproj", "{7A93B9D8-684F-409D-9D8E-23C16B8CF68A}"
EndProject
Global
	GlobalSection(SolutionConfigurationPlatforms) = preSolution
		Debug|Any CPU = Debug|Any CPU
		Release|Any CPU = Release|Any CPU
	EndGlobalSection
	GlobalSection(ProjectConfigurationPlatforms) = postSolution
		{7A93B9D8-684F-409D-9D8E-23C16B8CF68A}.Debug|Any CPU.ActiveCfg = Debug|Any CPU
		{7A93B9D8-684F-409D-9D8E-23C16B8CF68A}.Debug|Any CPU.Build.0 = Debug|Any CPU
		{7A93B9D8-684F-409D-9D8E-23C16B8CF68A}.Release|Any CPU.ActiveCfg = Release|Any CPU
		{7A93B9D8-684F-409D-9D8E-23C16B8CF68A}.Release|Any CPU.Build.0 = Release|Any CPU
	EndGlobalSection
	GlobalSection(SolutionProperties) = preSolution
		HideSolutionNode = FALSE
	EndGlobalSection
	GlobalSection(ExtensibilityGlobals) = postSolution
		SolutionGuid = {0424E365-097E-46A1-9F83-5A303900DFB1}
	EndGlobalSection
EndGlobal
